
Microsoft Visual Studio Solution File, Format Version 12.00
# Visual Studio Version 16
VisualStudioVersion = 16.0.31424.327
MinimumVisualStudioVersion = 10.0.40219.1
Project("{FAE04EC0-301F-11D3-BF4B-00C04F79EFBC}") = "Dungeon Slayer", "Dungeon Slayer\Dungeon Slayer.csproj", "{440F4D0E-05EF-4DB1-A6E5-55A0DCA05C6A}"
EndProject
Global
	GlobalSection(SolutionConfigurationPlatforms) = preSolution
		Debug|Any CPU = Debug|Any CPU
		Release|Any CPU = Release|Any CPU
	EndGlobalSection
	GlobalSection(ProjectConfigurationPlatforms) = postSolution
		{440F4D0E-05EF-4DB1-A6E5-55A0DCA05C6A}.Debug|Any CPU.ActiveCfg = Debug|Any CPU
		{440F4D0E-05EF-4DB1-A6E5-55A0DCA05C6A}.Debug|Any CPU.Build.0 = Debug|Any CPU
		{440F4D0E-05EF-4DB1-A6E5-55A0DCA05C6A}.Release|Any CPU.ActiveCfg = Release|Any CPU
		{440F4D0E-05EF-4DB1-A6E5-55A0DCA05C6A}.Release|Any CPU.Build.0 = Release|Any CPU
	EndGlobalSection
	GlobalSection(SolutionProperties) = preSolution
		HideSolutionNode = FALSE
	EndGlobalSection
	GlobalSection(ExtensibilityGlobals) = postSolution
		SolutionGuid = {F926B3F1-648F-4576-866A-0493B6CF3E52}
	EndGlobalSection
EndGlobal
